
Microsoft Visual Studio Solution File, Format Version 12.00
# Visual Studio 2013
VisualStudioVersion = 12.0.31101.0
MinimumVisualStudioVersion = 10.0.40219.1
Project("{FAE04EC0-301F-11D3-BF4B-00C04F79EFBC}") = "1-zada4a", "1-zada4a\1-zada4a.csproj", "{C5B11D88-67B5-4FB1-8C4E-10AE4A0C6ED6}"
EndProject
Project("{FAE04EC0-301F-11D3-BF4B-00C04F79EFBC}") = "2-zada4a", "2-zada4a\2-zada4a.csproj", "{4CE7D3E6-B79E-400A-8B4F-6B412ED4834F}"
EndProject
Global
	GlobalSection(SolutionConfigurationPlatforms) = preSolution
		Debug|Any CPU = Debug|Any CPU
		Release|Any CPU = Release|Any CPU
	EndGlobalSection
	GlobalSection(ProjectConfigurationPlatforms) = postSolution
		{C5B11D88-67B5-4FB1-8C4E-10AE4A0C6ED6}.Debug|Any CPU.ActiveCfg = Debug|Any CPU
		{C5B11D88-67B5-4FB1-8C4E-10AE4A0C6ED6}.Debug|Any CPU.Build.0 = Debug|Any CPU
		{C5B11D88-67B5-4FB1-8C4E-10AE4A0C6ED6}.Release|Any CPU.ActiveCfg = Release|Any CPU
		{C5B11D88-67B5-4FB1-8C4E-10AE4A0C6ED6}.Release|Any CPU.Build.0 = Release|Any CPU
		{4CE7D3E6-B79E-400A-8B4F-6B412ED4834F}.Debug|Any CPU.ActiveCfg = Debug|Any CPU
		{4CE7D3E6-B79E-400A-8B4F-6B412ED4834F}.Debug|Any CPU.Build.0 = Debug|Any CPU
		{4CE7D3E6-B79E-400A-8B4F-6B412ED4834F}.Release|Any CPU.ActiveCfg = Release|Any CPU
		{4CE7D3E6-B79E-400A-8B4F-6B412ED4834F}.Release|Any CPU.Build.0 = Release|Any CPU
	EndGlobalSection
	GlobalSection(SolutionProperties) = preSolution
		HideSolutionNode = FALSE
	EndGlobalSection
EndGlobal
